
Microsoft Visual Studio Solution File, Format Version 12.00
# Visual Studio 15
VisualStudioVersion = 15.0.28010.2048
MinimumVisualStudioVersion = 10.0.40219.1
Project("{9A19103F-16F7-4668-BE54-9A1E7A4F7556}") = "P01_Vehicles", "P01_Vehicles\P01_Vehicles.csproj", "{642043F7-2257-4FEA-B360-4870A4E3C6A8}"
EndProject
Project("{FAE04EC0-301F-11D3-BF4B-00C04F79EFBC}") = "P03_WildFarm", "P03_WildFarm\P03_WildFarm.csproj", "{8173CF23-B11B-4BEE-95B4-7410C59153ED}"
EndProject
Global
	GlobalSection(SolutionConfigurationPlatforms) = preSolution
		Debug|Any CPU = Debug|Any CPU
		Release|Any CPU = Release|Any CPU
	EndGlobalSection
	GlobalSection(ProjectConfigurationPlatforms) = postSolution
		{642043F7-2257-4FEA-B360-4870A4E3C6A8}.Debug|Any CPU.ActiveCfg = Debug|Any CPU
		{642043F7-2257-4FEA-B360-4870A4E3C6A8}.Debug|Any CPU.Build.0 = Debug|Any CPU
		{642043F7-2257-4FEA-B360-4870A4E3C6A8}.Release|Any CPU.ActiveCfg = Release|Any CPU
		{642043F7-2257-4FEA-B360-4870A4E3C6A8}.Release|Any CPU.Build.0 = Release|Any CPU
		{8173CF23-B11B-4BEE-95B4-7410C59153ED}.Debug|Any CPU.ActiveCfg = Debug|Any CPU
		{8173CF23-B11B-4BEE-95B4-7410C59153ED}.Debug|Any CPU.Build.0 = Debug|Any CPU
		{8173CF23-B11B-4BEE-95B4-7410C59153ED}.Release|Any CPU.ActiveCfg = Release|Any CPU
		{8173CF23-B11B-4BEE-95B4-7410C59153ED}.Release|Any CPU.Build.0 = Release|Any CPU
	EndGlobalSection
	GlobalSection(SolutionProperties) = preSolution
		HideSolutionNode = FALSE
	EndGlobalSection
	GlobalSection(ExtensibilityGlobals) = postSolution
		SolutionGuid = {B3B27CAB-CA6F-48A4-A281-17F886CC5582}
	EndGlobalSection
EndGlobal
