
Microsoft Visual Studio Solution File, Format Version 12.00
# Visual Studio 15
VisualStudioVersion = 15.0.28010.2048
MinimumVisualStudioVersion = 10.0.40219.1
Project("{9A19103F-16F7-4668-BE54-9A1E7A4F7556}") = "EncapsulationExercise", "EncapsulationExercise\EncapsulationExercise.csproj", "{AC85A9AF-CCFB-4EBB-BDCB-A49C0FA859A2}"
EndProject
Project("{FAE04EC0-301F-11D3-BF4B-00C04F79EFBC}") = "P04_ShoppingSpree", "P04_ShoppingSpree\P04_ShoppingSpree.csproj", "{60BA131C-D1DC-412D-9319-362431E43B3F}"
EndProject
Project("{FAE04EC0-301F-11D3-BF4B-00C04F79EFBC}") = "P05_PizzaCalories", "P05_PizzaCalories\P05_PizzaCalories.csproj", "{5BD2BEFC-2115-49B0-9D5D-19F3A275B960}"
EndProject
Global
	GlobalSection(SolutionConfigurationPlatforms) = preSolution
		Debug|Any CPU = Debug|Any CPU
		Release|Any CPU = Release|Any CPU
	EndGlobalSection
	GlobalSection(ProjectConfigurationPlatforms) = postSolution
		{AC85A9AF-CCFB-4EBB-BDCB-A49C0FA859A2}.Debug|Any CPU.ActiveCfg = Debug|Any CPU
		{AC85A9AF-CCFB-4EBB-BDCB-A49C0FA859A2}.Debug|Any CPU.Build.0 = Debug|Any CPU
		{AC85A9AF-CCFB-4EBB-BDCB-A49C0FA859A2}.Release|Any CPU.ActiveCfg = Release|Any CPU
		{AC85A9AF-CCFB-4EBB-BDCB-A49C0FA859A2}.Release|Any CPU.Build.0 = Release|Any CPU
		{60BA131C-D1DC-412D-9319-362431E43B3F}.Debug|Any CPU.ActiveCfg = Debug|Any CPU
		{60BA131C-D1DC-412D-9319-362431E43B3F}.Debug|Any CPU.Build.0 = Debug|Any CPU
		{60BA131C-D1DC-412D-9319-362431E43B3F}.Release|Any CPU.ActiveCfg = Release|Any CPU
		{60BA131C-D1DC-412D-9319-362431E43B3F}.Release|Any CPU.Build.0 = Release|Any CPU
		{5BD2BEFC-2115-49B0-9D5D-19F3A275B960}.Debug|Any CPU.ActiveCfg = Debug|Any CPU
		{5BD2BEFC-2115-49B0-9D5D-19F3A275B960}.Debug|Any CPU.Build.0 = Debug|Any CPU
		{5BD2BEFC-2115-49B0-9D5D-19F3A275B960}.Release|Any CPU.ActiveCfg = Release|Any CPU
		{5BD2BEFC-2115-49B0-9D5D-19F3A275B960}.Release|Any CPU.Build.0 = Release|Any CPU
	EndGlobalSection
	GlobalSection(SolutionProperties) = preSolution
		HideSolutionNode = FALSE
	EndGlobalSection
	GlobalSection(ExtensibilityGlobals) = postSolution
		SolutionGuid = {F2CEC4BF-7B11-47C1-83F9-106F9F46C28E}
	EndGlobalSection
EndGlobal
