
Microsoft Visual Studio Solution File, Format Version 12.00
# Visual Studio 15
VisualStudioVersion = 15.0.28010.2048
MinimumVisualStudioVersion = 10.0.40219.1
Project("{FAE04EC0-301F-11D3-BF4B-00C04F79EFBC}") = "StorageMaster", "StorageMaster\StorageMaster.csproj", "{B90670F6-D380-47CA-8F55-36E7F815B8F1}"
EndProject
Global
	GlobalSection(SolutionConfigurationPlatforms) = preSolution
		Debug|Any CPU = Debug|Any CPU
		Release|Any CPU = Release|Any CPU
	EndGlobalSection
	GlobalSection(ProjectConfigurationPlatforms) = postSolution
		{B90670F6-D380-47CA-8F55-36E7F815B8F1}.Debug|Any CPU.ActiveCfg = Debug|Any CPU
		{B90670F6-D380-47CA-8F55-36E7F815B8F1}.Debug|Any CPU.Build.0 = Debug|Any CPU
		{B90670F6-D380-47CA-8F55-36E7F815B8F1}.Release|Any CPU.ActiveCfg = Release|Any CPU
		{B90670F6-D380-47CA-8F55-36E7F815B8F1}.Release|Any CPU.Build.0 = Release|Any CPU
	EndGlobalSection
	GlobalSection(SolutionProperties) = preSolution
		HideSolutionNode = FALSE
	EndGlobalSection
	GlobalSection(ExtensibilityGlobals) = postSolution
		SolutionGuid = {8C697F1F-6F51-443F-9B39-713DED7F04CF}
	EndGlobalSection
EndGlobal
